
Microsoft Visual Studio Solution File, Format Version 12.00
# Visual Studio Version 17
VisualStudioVersion = 17.13.35931.197
MinimumVisualStudioVersion = 10.0.40219.1
Project("{FAE04EC0-301F-11D3-BF4B-00C04F79EFBC}") = "MVCAppCRUDRazorCodeFirst", "MVCAppCRUDRazorCodeFirst.csproj", "{88649568-D13D-425B-8D66-02460C20D1ED}"
EndProject
Project("{FAE04EC0-301F-11D3-BF4B-00C04F79EFBC}") = "ConexionDGIINETFramework", "..\ConexionDGIINETFramework\ConexionDGIINETFramework.csproj", "{BC099EB5-29CF-473E-909B-F9B84743E13B}"
EndProject
Global
	GlobalSection(SolutionConfigurationPlatforms) = preSolution
		Debug|Any CPU = Debug|Any CPU
		Release|Any CPU = Release|Any CPU
	EndGlobalSection
	GlobalSection(ProjectConfigurationPlatforms) = postSolution
		{88649568-D13D-425B-8D66-02460C20D1ED}.Debug|Any CPU.ActiveCfg = Debug|Any CPU
		{88649568-D13D-425B-8D66-02460C20D1ED}.Debug|Any CPU.Build.0 = Debug|Any CPU
		{88649568-D13D-425B-8D66-02460C20D1ED}.Release|Any CPU.ActiveCfg = Release|Any CPU
		{88649568-D13D-425B-8D66-02460C20D1ED}.Release|Any CPU.Build.0 = Release|Any CPU
		{BC099EB5-29CF-473E-909B-F9B84743E13B}.Debug|Any CPU.ActiveCfg = Debug|Any CPU
		{BC099EB5-29CF-473E-909B-F9B84743E13B}.Debug|Any CPU.Build.0 = Debug|Any CPU
		{BC099EB5-29CF-473E-909B-F9B84743E13B}.Release|Any CPU.ActiveCfg = Release|Any CPU
		{BC099EB5-29CF-473E-909B-F9B84743E13B}.Release|Any CPU.Build.0 = Release|Any CPU
	EndGlobalSection
	GlobalSection(SolutionProperties) = preSolution
		HideSolutionNode = FALSE
	EndGlobalSection
	GlobalSection(ExtensibilityGlobals) = postSolution
		SolutionGuid = {F2A33112-D2DE-4F3E-B897-A2BA925A1907}
	EndGlobalSection
EndGlobal
